// !$*UTF8*$!
{
	archiveVersion = 1;
	classes = {
	};
	objectVersion = 50;
	objects = {

/* Begin PBXBuildFile section */
		A46FE4A8242EA1E3008904EC /* QuestionViewController.swift in Sources */ = {isa = PBXBuildFile; fileRef = A46FE4A7242EA1E3008904EC /* QuestionViewController.swift */; };
		A46FE4AA242EA20A008904EC /* ResultsViewController.swift in Sources */ = {isa = PBXBuildFile; fileRef = A46FE4A9242EA20A008904EC /* ResultsViewController.swift */; };
		A4BF433E2433BC1C004B1C30 /* QuestionData.swift in Sources */ = {isa = PBXBuildFile; fileRef = A4BF433D2433BC1C004B1C30 /* QuestionData.swift */; };
		A4C0BEF4242BA9EE004095D2 /* AppDelegate.swift in Sources */ = {isa = PBXBuildFile; fileRef = A4C0BEF3242BA9EE004095D2 /* AppDelegate.swift */; };
		A4C0BEF6242BA9EE004095D2 /* IntroductionViewController.swift in Sources */ = {isa = PBXBuildFile; fileRef = A4C0BEF5242BA9EE004095D2 /* IntroductionViewController.swift */; };
		A4C0BEF9242BA9EE004095D2 /* Main.storyboard in Resources */ = {isa = PBXBuildFile; fileRef = A4C0BEF7242BA9EE004095D2 /* Main.storyboard */; };
		A4C0BEFB242BA9F4004095D2 /* Assets.xcassets in Resources */ = {isa = PBXBuildFile; fileRef = A4C0BEFA242BA9F4004095D2 /* Assets.xcassets */; };
		A4C0BEFE242BA9F4004095D2 /* LaunchScreen.storyboard in Resources */ = {isa = PBXBuildFile; fileRef = A4C0BEFC242BA9F4004095D2 /* LaunchScreen.storyboard */; };
		A4C0BF09242BA9F5004095D2 /* PersonalityQuizTests.swift in Sources */ = {isa = PBXBuildFile; fileRef = A4C0BF08242BA9F5004095D2 /* PersonalityQuizTests.swift */; };
		A4C0BF14242BA9F5004095D2 /* PersonalityQuizUITests.swift in Sources */ = {isa = PBXBuildFile; fileRef = A4C0BF13242BA9F5004095D2 /* PersonalityQuizUITests.swift */; };
		A4FE8A122487E633007224F9 /* AnimalQuizViewController.swift in Sources */ = {isa = PBXBuildFile; fileRef = A4FE8A112487E633007224F9 /* AnimalQuizViewController.swift */; };
/* End PBXBuildFile section */

/* Begin PBXContainerItemProxy section */
		A4C0BF05242BA9F5004095D2 /* PBXContainerItemProxy */ = {
			isa = PBXContainerItemProxy;
			containerPortal = A4C0BEE8242BA9EE004095D2 /* Project object */;
			proxyType = 1;
			remoteGlobalIDString = A4C0BEEF242BA9EE004095D2;
			remoteInfo = PersonalityQuiz;
		};
		A4C0BF10242BA9F5004095D2 /* PBXContainerItemProxy */ = {
			isa = PBXContainerItemProxy;
			containerPortal = A4C0BEE8242BA9EE004095D2 /* Project object */;
			proxyType = 1;
			remoteGlobalIDString = A4C0BEEF242BA9EE004095D2;
			remoteInfo = PersonalityQuiz;
		};
/* End PBXContainerItemProxy section */

/* Begin PBXFileReference section */
		A46FE4A7242EA1E3008904EC /* QuestionViewController.swift */ = {isa = PBXFileReference; lastKnownFileType = sourcecode.swift; path = QuestionViewController.swift; sourceTree = "<group>"; };
		A46FE4A9242EA20A008904EC /* ResultsViewController.swift */ = {isa = PBXFileReference; lastKnownFileType = sourcecode.swift; path = ResultsViewController.swift; sourceTree = "<group>"; };
		A4BF433D2433BC1C004B1C30 /* QuestionData.swift */ = {isa = PBXFileReference; lastKnownFileType = sourcecode.swift; path = QuestionData.swift; sourceTree = "<group>"; };
		A4C0BEF0242BA9EE004095D2 /* PersonalityQuiz.app */ = {isa = PBXFileReference; explicitFileType = wrapper.application; includeInIndex = 0; path = PersonalityQuiz.app; sourceTree = BUILT_PRODUCTS_DIR; };
		A4C0BEF3242BA9EE004095D2 /* AppDelegate.swift */ = {isa = PBXFileReference; lastKnownFileType = sourcecode.swift; path = AppDelegate.swift; sourceTree = "<group>"; };
		A4C0BEF5242BA9EE004095D2 /* IntroductionViewController.swift */ = {isa = PBXFileReference; lastKnownFileType = sourcecode.swift; path = IntroductionViewController.swift; sourceTree = "<group>"; };
		A4C0BEF8242BA9EE004095D2 /* Base */ = {isa = PBXFileReference; lastKnownFileType = file.storyboard; name = Base; path = Base.lproj/Main.storyboard; sourceTree = "<group>"; };
		A4C0BEFA242BA9F4004095D2 /* Assets.xcassets */ = {isa = PBXFileReference; lastKnownFileType = folder.assetcatalog; path = Assets.xcassets; sourceTree = "<group>"; };
		A4C0BEFD242BA9F4004095D2 /* Base */ = {isa = PBXFileReference; lastKnownFileType = file.storyboard; name = Base; path = Base.lproj/LaunchScreen.storyboard; sourceTree = "<group>"; };
		A4C0BEFF242BA9F4004095D2 /* Info.plist */ = {isa = PBXFileReference; lastKnownFileType = text.plist.xml; path = Info.plist; sourceTree = "<group>"; };
		A4C0BF04242BA9F5004095D2 /* PersonalityQuizTests.xctest */ = {isa = PBXFileReference; explicitFileType = wrapper.cfbundle; includeInIndex = 0; path = PersonalityQuizTests.xctest; sourceTree = BUILT_PRODUCTS_DIR; };
		A4C0BF08242BA9F5004095D2 /* PersonalityQuizTests.swift */ = {isa = PBXFileReference; lastKnownFileType = sourcecode.swift; path = PersonalityQuizTests.swift; sourceTree = "<group>"; };
		A4C0BF0A242BA9F5004095D2 /* Info.plist */ = {isa = PBXFileReference; lastKnownFileType = text.plist.xml; path = Info.plist; sourceTree = "<group>"; };
		A4C0BF0F242BA9F5004095D2 /* PersonalityQuizUITests.xctest */ = {isa = PBXFileReference; explicitFileType = wrapper.cfbundle; includeInIndex = 0; path = PersonalityQuizUITests.xctest; sourceTree = BUILT_PRODUCTS_DIR; };
		A4C0BF13242BA9F5004095D2 /* PersonalityQuizUITests.swift */ = {isa = PBXFileReference; lastKnownFileType = sourcecode.swift; path = PersonalityQuizUITests.swift; sourceTree = "<group>"; };
		A4C0BF15242BA9F5004095D2 /* Info.plist */ = {isa = PBXFileReference; lastKnownFileType = text.plist.xml; path = Info.plist; sourceTree = "<group>"; };
		A4FE8A112487E633007224F9 /* AnimalQuizViewController.swift */ = {isa = PBXFileReference; lastKnownFileType = sourcecode.swift; path = AnimalQuizViewController.swift; sourceTree = "<group>"; };
/* End PBXFileReference section */

/* Begin PBXFrameworksBuildPhase section */
		A4C0BEED242BA9EE004095D2 /* Frameworks */ = {
			isa = PBXFrameworksBuildPhase;
			buildActionMask = 2147483647;
			files = (
			);
			runOnlyForDeploymentPostprocessing = 0;
		};
		A4C0BF01242BA9F5004095D2 /* Frameworks */ = {
			isa = PBXFrameworksBuildPhase;
			buildActionMask = 2147483647;
			files = (
			);
			runOnlyForDeploymentPostprocessing = 0;
		};
		A4C0BF0C242BA9F5004095D2 /* Frameworks */ = {
			isa = PBXFrameworksBuildPhase;
			buildActionMask = 2147483647;
			files = (
			);
			runOnlyForDeploymentPostprocessing = 0;
		};
/* End PBXFrameworksBuildPhase section */

/* Begin PBXGroup section */
		A4C0BEE7242BA9EE004095D2 = {
			isa = PBXGroup;
			children = (
				A4C0BEF2242BA9EE004095D2 /* PersonalityQuiz */,
				A4C0BF07242BA9F5004095D2 /* PersonalityQuizTests */,
				A4C0BF12242BA9F5004095D2 /* PersonalityQuizUITests */,
				A4C0BEF1242BA9EE004095D2 /* Products */,
			);
			sourceTree = "<group>";
		};
		A4C0BEF1242BA9EE004095D2 /* Products */ = {
			isa = PBXGroup;
			children = (
				A4C0BEF0242BA9EE004095D2 /* PersonalityQuiz.app */,
				A4C0BF04242BA9F5004095D2 /* PersonalityQuizTests.xctest */,
				A4C0BF0F242BA9F5004095D2 /* PersonalityQuizUITests.xctest */,
			);
			name = Products;
			sourceTree = "<group>";
		};
		A4C0BEF2242BA9EE004095D2 /* PersonalityQuiz */ = {
			isa = PBXGroup;
			children = (
				A4C0BEF3242BA9EE004095D2 /* AppDelegate.swift */,
				A4C0BEF5242BA9EE004095D2 /* IntroductionViewController.swift */,
				A4C0BEF7242BA9EE004095D2 /* Main.storyboard */,
				A4FE8A112487E633007224F9 /* AnimalQuizViewController.swift */,
				A4BF433D2433BC1C004B1C30 /* QuestionData.swift */,
				A46FE4A7242EA1E3008904EC /* QuestionViewController.swift */,
				A46FE4A9242EA20A008904EC /* ResultsViewController.swift */,
				A4C0BEFA242BA9F4004095D2 /* Assets.xcassets */,
				A4C0BEFC242BA9F4004095D2 /* LaunchScreen.storyboard */,
				A4C0BEFF242BA9F4004095D2 /* Info.plist */,
			);
			path = PersonalityQuiz;
			sourceTree = "<group>";
		};
		A4C0BF07242BA9F5004095D2 /* PersonalityQuizTests */ = {
			isa = PBXGroup;
			children = (
				A4C0BF08242BA9F5004095D2 /* PersonalityQuizTests.swift */,
				A4C0BF0A242BA9F5004095D2 /* Info.plist */,
			);
			path = PersonalityQuizTests;
			sourceTree = "<group>";
		};
		A4C0BF12242BA9F5004095D2 /* PersonalityQuizUITests */ = {
			isa = PBXGroup;
			children = (
				A4C0BF13242BA9F5004095D2 /* PersonalityQuizUITests.swift */,
				A4C0BF15242BA9F5004095D2 /* Info.plist */,
			);
			path = PersonalityQuizUITests;
			sourceTree = "<group>";
		};
/* End PBXGroup section */

/* Begin PBXNativeTarget section */
		A4C0BEEF242BA9EE004095D2 /* PersonalityQuiz */ = {
			isa = PBXNativeTarget;
			buildConfigurationList = A4C0BF18242BA9F5004095D2 /* Build configuration list for PBXNativeTarget "PersonalityQuiz" */;
			buildPhases = (
				A4C0BEEC242BA9EE004095D2 /* Sources */,
				A4C0BEED242BA9EE004095D2 /* Frameworks */,
				A4C0BEEE242BA9EE004095D2 /* Resources */,
			);
			buildRules = (
			);
			dependencies = (
			);
			name = PersonalityQuiz;
			productName = PersonalityQuiz;
			productReference = A4C0BEF0242BA9EE004095D2 /* PersonalityQuiz.app */;
			productType = "com.apple.product-type.application";
		};
		A4C0BF03242BA9F5004095D2 /* PersonalityQuizTests */ = {
			isa = PBXNativeTarget;
			buildConfigurationList = A4C0BF1B242BA9F5004095D2 /* Build configuration list for PBXNativeTarget "PersonalityQuizTests" */;
			buildPhases = (
				A4C0BF00242BA9F5004095D2 /* Sources */,
				A4C0BF01242BA9F5004095D2 /* Frameworks */,
				A4C0BF02242BA9F5004095D2 /* Resources */,
			);
			buildRules = (
			);
			dependencies = (
				A4C0BF06242BA9F5004095D2 /* PBXTargetDependency */,
			);
			name = PersonalityQuizTests;
			productName = PersonalityQuizTests;
			productReference = A4C0BF04242BA9F5004095D2 /* PersonalityQuizTests.xctest */;
			productType = "com.apple.product-type.bundle.unit-test";
		};
		A4C0BF0E242BA9F5004095D2 /* PersonalityQuizUITests */ = {
			isa = PBXNativeTarget;
			buildConfigurationList = A4C0BF1E242BA9F5004095D2 /* Build configuration list for PBXNativeTarget "PersonalityQuizUITests" */;
			buildPhases = (
				A4C0BF0B242BA9F5004095D2 /* Sources */,
				A4C0BF0C242BA9F5004095D2 /* Frameworks */,
				A4C0BF0D242BA9F5004095D2 /* Resources */,
			);
			buildRules = (
			);
			dependencies = (
				A4C0BF11242BA9F5004095D2 /* PBXTargetDependency */,
			);
			name = PersonalityQuizUITests;
			productName = PersonalityQuizUITests;
			productReference = A4C0BF0F242BA9F5004095D2 /* PersonalityQuizUITests.xctest */;
			productType = "com.apple.product-type.bundle.ui-testing";
		};
/* End PBXNativeTarget section */

/* Begin PBXProject section */
		A4C0BEE8242BA9EE004095D2 /* Project object */ = {
			isa = PBXProject;
			attributes = {
				LastSwiftUpdateCheck = 1030;
				LastUpgradeCheck = 1030;
				ORGANIZATIONNAME = "India Doria";
				TargetAttributes = {
					A4C0BEEF242BA9EE004095D2 = {
						CreatedOnToolsVersion = 10.3;
					};
					A4C0BF03242BA9F5004095D2 = {
						CreatedOnToolsVersion = 10.3;
						TestTargetID = A4C0BEEF242BA9EE004095D2;
					};
					A4C0BF0E242BA9F5004095D2 = {
						CreatedOnToolsVersion = 10.3;
						TestTargetID = A4C0BEEF242BA9EE004095D2;
					};
				};
			};
			buildConfigurationList = A4C0BEEB242BA9EE004095D2 /* Build configuration list for PBXProject "PersonalityQuiz" */;
			compatibilityVersion = "Xcode 9.3";
			developmentRegion = en;
			hasScannedForEncodings = 0;
			knownRegions = (
				en,
				Base,
			);
			mainGroup = A4C0BEE7242BA9EE004095D2;
			productRefGroup = A4C0BEF1242BA9EE004095D2 /* Products */;
			projectDirPath = "";
			projectRoot = "";
			targets = (
				A4C0BEEF242BA9EE004095D2 /* PersonalityQuiz */,
				A4C0BF03242BA9F5004095D2 /* PersonalityQuizTests */,
				A4C0BF0E242BA9F5004095D2 /* PersonalityQuizUITests */,
			);
		};
/* End PBXProject section */

/* Begin PBXResourcesBuildPhase section */
		A4C0BEEE242BA9EE004095D2 /* Resources */ = {
			isa = PBXResourcesBuildPhase;
			buildActionMask = 2147483647;
			files = (
				A4C0BEFE242BA9F4004095D2 /* LaunchScreen.storyboard in Resources */,
				A4C0BEFB242BA9F4004095D2 /* Assets.xcassets in Resources */,
				A4C0BEF9242BA9EE004095D2 /* Main.storyboard in Resources */,
			);
			runOnlyForDeploymentPostprocessing = 0;
		};
		A4C0BF02242BA9F5004095D2 /* Resources */ = {
			isa = PBXResourcesBuildPhase;
			buildActionMask = 2147483647;
			files = (
			);
			runOnlyForDeploymentPostprocessing = 0;
		};
		A4C0BF0D242BA9F5004095D2 /* Resources */ = {
			isa = PBXResourcesBuildPhase;
			buildActionMask = 2147483647;
			files = (
			);
			runOnlyForDeploymentPostprocessing = 0;
		};
/* End PBXResourcesBuildPhase section */

/* Begin PBXSourcesBuildPhase section */
		A4C0BEEC242BA9EE004095D2 /* Sources */ = {
			isa = PBXSourcesBuildPhase;
			buildActionMask = 2147483647;
			files = (
				A4C0BEF6242BA9EE004095D2 /* IntroductionViewController.swift in Sources */,
				A4C0BEF4242BA9EE004095D2 /* AppDelegate.swift in Sources */,
				A4BF433E2433BC1C004B1C30 /* QuestionData.swift in Sources */,
				A4FE8A122487E633007224F9 /* AnimalQuizViewController.swift in Sources */,
				A46FE4A8242EA1E3008904EC /* QuestionViewController.swift in Sources */,
				A46FE4AA242EA20A008904EC /* ResultsViewController.swift in Sources */,
			);
			runOnlyForDeploymentPostprocessing = 0;
		};
		A4C0BF00242BA9F5004095D2 /* Sources */ = {
			isa = PBXSourcesBuildPhase;
			buildActionMask = 2147483647;
			files = (
				A4C0BF09242BA9F5004095D2 /* PersonalityQuizTests.swift in Sources */,
			);
			runOnlyForDeploymentPostprocessing = 0;
		};
		A4C0BF0B242BA9F5004095D2 /* Sources */ = {
			isa = PBXSourcesBuildPhase;
			buildActionMask = 2147483647;
			files = (
				A4C0BF14242BA9F5004095D2 /* PersonalityQuizUITests.swift in Sources */,
			);
			runOnlyForDeploymentPostprocessing = 0;
		};
/* End PBXSourcesBuildPhase section */

/* Begin PBXTargetDependency section */
		A4C0BF06242BA9F5004095D2 /* PBXTargetDependency */ = {
			isa = PBXTargetDependency;
			target = A4C0BEEF242BA9EE004095D2 /* PersonalityQuiz */;
			targetProxy = A4C0BF05242BA9F5004095D2 /* PBXContainerItemProxy */;
		};
		A4C0BF11242BA9F5004095D2 /* PBXTargetDependency */ = {
			isa = PBXTargetDependency;
			target = A4C0BEEF242BA9EE004095D2 /* PersonalityQuiz */;
			targetProxy = A4C0BF10242BA9F5004095D2 /* PBXContainerItemProxy */;
		};
/* End PBXTargetDependency section */

/* Begin PBXVariantGroup section */
		A4C0BEF7242BA9EE004095D2 /* Main.storyboard */ = {
			isa = PBXVariantGroup;
			children = (
				A4C0BEF8242BA9EE004095D2 /* Base */,
			);
			name = Main.storyboard;
			sourceTree = "<group>";
		};
		A4C0BEFC242BA9F4004095D2 /* LaunchScreen.storyboard */ = {
			isa = PBXVariantGroup;
			children = (
				A4C0BEFD242BA9F4004095D2 /* Base */,
			);
			name = LaunchScreen.storyboard;
			sourceTree = "<group>";
		};
/* End PBXVariantGroup section */

/* Begin XCBuildConfiguration section */
		A4C0BF16242BA9F5004095D2 /* Debug */ = {
			isa = XCBuildConfiguration;
			buildSettings = {
				ALWAYS_SEARCH_USER_PATHS = NO;
				CLANG_ANALYZER_NONNULL = YES;
				CLANG_ANALYZER_NUMBER_OBJECT_CONVERSION = YES_AGGRESSIVE;
				CLANG_CXX_LANGUAGE_STANDARD = "gnu++14";
				CLANG_CXX_LIBRARY = "libc++";
				CLANG_ENABLE_MODULES = YES;
				CLANG_ENABLE_OBJC_ARC = YES;
				CLANG_ENABLE_OBJC_WEAK = YES;
				CLANG_WARN_BLOCK_CAPTURE_AUTORELEASING = YES;
				CLANG_WARN_BOOL_CONVERSION = YES;
				CLANG_WARN_COMMA = YES;
				CLANG_WARN_CONSTANT_CONVERSION = YES;
				CLANG_WARN_DEPRECATED_OBJC_IMPLEMENTATIONS = YES;
				CLANG_WARN_DIRECT_OBJC_ISA_USAGE = YES_ERROR;
				CLANG_WARN_DOCUMENTATION_COMMENTS = YES;
				CLANG_WARN_EMPTY_BODY = YES;
				CLANG_WARN_ENUM_CONVERSION = YES;
				CLANG_WARN_INFINITE_RECURSION = YES;
				CLANG_WARN_INT_CONVERSION = YES;
				CLANG_WARN_NON_LITERAL_NULL_CONVERSION = YES;
				CLANG_WARN_OBJC_IMPLICIT_RETAIN_SELF = YES;
				CLANG_WARN_OBJC_LITERAL_CONVERSION = YES;
				CLANG_WARN_OBJC_ROOT_CLASS = YES_ERROR;
				CLANG_WARN_RANGE_LOOP_ANALYSIS = YES;
				CLANG_WARN_STRICT_PROTOTYPES = YES;
				CLANG_WARN_SUSPICIOUS_MOVE = YES;
				CLANG_WARN_UNGUARDED_AVAILABILITY = YES_AGGRESSIVE;
				CLANG_WARN_UNREACHABLE_CODE = YES;
				CLANG_WARN__DUPLICATE_METHOD_MATCH = YES;
				CODE_SIGN_IDENTITY = "iPhone Developer";
				COPY_PHASE_STRIP = NO;
				DEBUG_INFORMATION_FORMAT = dwarf;
				ENABLE_STRICT_OBJC_MSGSEND = YES;
				ENABLE_TESTABILITY = YES;
				GCC_C_LANGUAGE_STANDARD = gnu11;
				GCC_DYNAMIC_NO_PIC = NO;
				GCC_NO_COMMON_BLOCKS = YES;
				GCC_OPTIMIZATION_LEVEL = 0;
				GCC_PREPROCESSOR_DEFINITIONS = (
					"DEBUG=1",
					"$(inherited)",
				);
				GCC_WARN_64_TO_32_BIT_CONVERSION = YES;
				GCC_WARN_ABOUT_RETURN_TYPE = YES_ERROR;
				GCC_WARN_UNDECLARED_SELECTOR = YES;
				GCC_WARN_UNINITIALIZED_AUTOS = YES_AGGRESSIVE;
				GCC_WARN_UNUSED_FUNCTION = YES;
				GCC_WARN_UNUSED_VARIABLE = YES;
				IPHONEOS_DEPLOYMENT_TARGET = 12.4;
				MTL_ENABLE_DEBUG_INFO = INCLUDE_SOURCE;
				MTL_FAST_MATH = YES;
				ONLY_ACTIVE_ARCH = YES;
				SDKROOT = iphoneos;
				SWIFT_ACTIVE_COMPILATION_CONDITIONS = DEBUG;
				SWIFT_OPTIMIZATION_LEVEL = "-Onone";
			};
			name = Debug;
		};
		A4C0BF17242BA9F5004095D2 /* Release */ = {
			isa = XCBuildConfiguration;
			buildSettings = {
				ALWAYS_SEARCH_USER_PATHS = NO;
				CLANG_ANALYZER_NONNULL = YES;
				CLANG_ANALYZER_NUMBER_OBJECT_CONVERSION = YES_AGGRESSIVE;
				CLANG_CXX_LANGUAGE_STANDARD = "gnu++14";
				CLANG_CXX_LIBRARY = "libc++";
				CLANG_ENABLE_MODULES = YES;
				CLANG_ENABLE_OBJC_ARC = YES;
				CLANG_ENABLE_OBJC_WEAK = YES;
				CLANG_WARN_BLOCK_CAPTURE_AUTORELEASING = YES;
				CLANG_WARN_BOOL_CONVERSION = YES;
				CLANG_WARN_COMMA = YES;
				CLANG_WARN_CONSTANT_CONVERSION = YES;
				CLANG_WARN_DEPRECATED_OBJC_IMPLEMENTATIONS = YES;
				CLANG_WARN_DIRECT_OBJC_ISA_USAGE = YES_ERROR;
				CLANG_WARN_DOCUMENTATION_COMMENTS = YES;
				CLANG_WARN_EMPTY_BODY = YES;
				CLANG_WARN_ENUM_CONVERSION = YES;
				CLANG_WARN_INFINITE_RECURSION = YES;
				CLANG_WARN_INT_CONVERSION = YES;
				CLANG_WARN_NON_LITERAL_NULL_CONVERSION = YES;
				CLANG_WARN_OBJC_IMPLICIT_RETAIN_SELF = YES;
				CLANG_WARN_OBJC_LITERAL_CONVERSION = YES;
				CLANG_WARN_OBJC_ROOT_CLASS = YES_ERROR;
				CLANG_WARN_RANGE_LOOP_ANALYSIS = YES;
				CLANG_WARN_STRICT_PROTOTYPES = YES;
				CLANG_WARN_SUSPICIOUS_MOVE = YES;
				CLANG_WARN_UNGUARDED_AVAILABILITY = YES_AGGRESSIVE;
				CLANG_WARN_UNREACHABLE_CODE = YES;
				CLANG_WARN__DUPLICATE_METHOD_MATCH = YES;
				CODE_SIGN_IDENTITY = "iPhone Developer";
				COPY_PHASE_STRIP = NO;
				DEBUG_INFORMATION_FORMAT = "dwarf-with-dsym";
				ENABLE_NS_ASSERTIONS = NO;
				ENABLE_STRICT_OBJC_MSGSEND = YES;
				GCC_C_LANGUAGE_STANDARD = gnu11;
				GCC_NO_COMMON_BLOCKS = YES;
				GCC_WARN_64_TO_32_BIT_CONVERSION = YES;
				GCC_WARN_ABOUT_RETURN_TYPE = YES_ERROR;
				GCC_WARN_UNDECLARED_SELECTOR = YES;
				GCC_WARN_UNINITIALIZED_AUTOS = YES_AGGRESSIVE;
				GCC_WARN_UNUSED_FUNCTION = YES;
				GCC_WARN_UNUSED_VARIABLE = YES;
				IPHONEOS_DEPLOYMENT_TARGET = 12.4;
				MTL_ENABLE_DEBUG_INFO = NO;
				MTL_FAST_MATH = YES;
				SDKROOT = iphoneos;
				SWIFT_COMPILATION_MODE = wholemodule;
				SWIFT_OPTIMIZATION_LEVEL = "-O";
				VALIDATE_PRODUCT = YES;
			};
			name = Release;
		};
		A4C0BF19242BA9F5004095D2 /* Debug */ = {
			isa = XCBuildConfiguration;
			buildSettings = {
				ASSETCATALOG_COMPILER_APPICON_NAME = AppIcon;
				CODE_SIGN_STYLE = Automatic;
				DEVELOPMENT_TEAM = 2YSG5A4G9S;
				INFOPLIST_FILE = PersonalityQuiz/Info.plist;
				LD_RUNPATH_SEARCH_PATHS = (
					"$(inherited)",
					"@executable_path/Frameworks",
				);
				PRODUCT_BUNDLE_IDENTIFIER = com.clamquarter.PersonalityQuiz;
				PRODUCT_NAME = "$(TARGET_NAME)";
				SWIFT_VERSION = 5.0;
				TARGETED_DEVICE_FAMILY = "1,2";
			};
			name = Debug;
		};
		A4C0BF1A242BA9F5004095D2 /* Release */ = {
			isa = XCBuildConfiguration;
			buildSettings = {
				ASSETCATALOG_COMPILER_APPICON_NAME = AppIcon;
				CODE_SIGN_STYLE = Automatic;
				DEVELOPMENT_TEAM = 2YSG5A4G9S;
				INFOPLIST_FILE = PersonalityQuiz/Info.plist;
				LD_RUNPATH_SEARCH_PATHS = (
					"$(inherited)",
					"@executable_path/Frameworks",
				);
				PRODUCT_BUNDLE_IDENTIFIER = com.clamquarter.PersonalityQuiz;
				PRODUCT_NAME = "$(TARGET_NAME)";
				SWIFT_VERSION = 5.0;
				TARGETED_DEVICE_FAMILY = "1,2";
			};
			name = Release;
		};
		A4C0BF1C242BA9F5004095D2 /* Debug */ = {
			isa = XCBuildConfiguration;
			buildSettings = {
				ALWAYS_EMBED_SWIFT_STANDARD_LIBRARIES = YES;
				BUNDLE_LOADER = "$(TEST_HOST)";
				CODE_SIGN_STYLE = Automatic;
				INFOPLIST_FILE = PersonalityQuizTests/Info.plist;
				LD_RUNPATH_SEARCH_PATHS = (
					"$(inherited)",
					"@executable_path/Frameworks",
					"@loader_path/Frameworks",
				);
				PRODUCT_BUNDLE_IDENTIFIER = com.clamquarter.PersonalityQuizTests;
				PRODUCT_NAME = "$(TARGET_NAME)";
				SWIFT_VERSION = 5.0;
				TARGETED_DEVICE_FAMILY = "1,2";
				TEST_HOST = "$(BUILT_PRODUCTS_DIR)/PersonalityQuiz.app/PersonalityQuiz";
			};
			name = Debug;
		};
		A4C0BF1D242BA9F5004095D2 /* Release */ = {
			isa = XCBuildConfiguration;
			buildSettings = {
				ALWAYS_EMBED_SWIFT_STANDARD_LIBRARIES = YES;
				BUNDLE_LOADER = "$(TEST_HOST)";
				CODE_SIGN_STYLE = Automatic;
				INFOPLIST_FILE = PersonalityQuizTests/Info.plist;
				LD_RUNPATH_SEARCH_PATHS = (
					"$(inherited)",
					"@executable_path/Frameworks",
					"@loader_path/Frameworks",
				);
				PRODUCT_BUNDLE_IDENTIFIER = com.clamquarter.PersonalityQuizTests;
				PRODUCT_NAME = "$(TARGET_NAME)";
				SWIFT_VERSION = 5.0;
				TARGETED_DEVICE_FAMILY = "1,2";
				TEST_HOST = "$(BUILT_PRODUCTS_DIR)/PersonalityQuiz.app/PersonalityQuiz";
			};
			name = Release;
		};
		A4C0BF1F242BA9F5004095D2 /* Debug */ = {
			isa = XCBuildConfiguration;
			buildSettings = {
				ALWAYS_EMBED_SWIFT_STANDARD_LIBRARIES = YES;
				CODE_SIGN_STYLE = Automatic;
				INFOPLIST_FILE = PersonalityQuizUITests/Info.plist;
				LD_RUNPATH_SEARCH_PATHS = (
					"$(inherited)",
					"@executable_path/Frameworks",
					"@loader_path/Frameworks",
				);
				PRODUCT_BUNDLE_IDENTIFIER = com.clamquarter.PersonalityQuizUITests;
				PRODUCT_NAME = "$(TARGET_NAME)";
				SWIFT_VERSION = 5.0;
				TARGETED_DEVICE_FAMILY = "1,2";
				TEST_TARGET_NAME = PersonalityQuiz;
			};
			name = Debug;
		};
		A4C0BF20242BA9F5004095D2 /* Release */ = {
			isa = XCBuildConfiguration;
			buildSettings = {
				ALWAYS_EMBED_SWIFT_STANDARD_LIBRARIES = YES;
				CODE_SIGN_STYLE = Automatic;
				INFOPLIST_FILE = PersonalityQuizUITests/Info.plist;
				LD_RUNPATH_SEARCH_PATHS = (
					"$(inherited)",
					"@executable_path/Frameworks",
					"@loader_path/Frameworks",
				);
				PRODUCT_BUNDLE_IDENTIFIER = com.clamquarter.PersonalityQuizUITests;
				PRODUCT_NAME = "$(TARGET_NAME)";
				SWIFT_VERSION = 5.0;
				TARGETED_DEVICE_FAMILY = "1,2";
				TEST_TARGET_NAME = PersonalityQuiz;
			};
			name = Release;
		};
/* End XCBuildConfiguration section */

/* Begin XCConfigurationList section */
		A4C0BEEB242BA9EE004095D2 /* Build configuration list for PBXProject "PersonalityQuiz" */ = {
			isa = XCConfigurationList;
			buildConfigurations = (
				A4C0BF16242BA9F5004095D2 /* Debug */,
				A4C0BF17242BA9F5004095D2 /* Release */,
			);
			defaultConfigurationIsVisible = 0;
			defaultConfigurationName = Release;
		};
		A4C0BF18242BA9F5004095D2 /* Build configuration list for PBXNativeTarget "PersonalityQuiz" */ = {
			isa = XCConfigurationList;
			buildConfigurations = (
				A4C0BF19242BA9F5004095D2 /* Debug */,
				A4C0BF1A242BA9F5004095D2 /* Release */,
			);
			defaultConfigurationIsVisible = 0;
			defaultConfigurationName = Release;
		};
		A4C0BF1B242BA9F5004095D2 /* Build configuration list for PBXNativeTarget "PersonalityQuizTests" */ = {
			isa = XCConfigurationList;
			buildConfigurations = (
				A4C0BF1C242BA9F5004095D2 /* Debug */,
				A4C0BF1D242BA9F5004095D2 /* Release */,
			);
			defaultConfigurationIsVisible = 0;
			defaultConfigurationName = Release;
		};
		A4C0BF1E242BA9F5004095D2 /* Build configuration list for PBXNativeTarget "PersonalityQuizUITests" */ = {
			isa = XCConfigurationList;
			buildConfigurations = (
				A4C0BF1F242BA9F5004095D2 /* Debug */,
				A4C0BF20242BA9F5004095D2 /* Release */,
			);
			defaultConfigurationIsVisible = 0;
			defaultConfigurationName = Release;
		};
/* End XCConfigurationList section */
	};
	rootObject = A4C0BEE8242BA9EE004095D2 /* Project object */;
}
